
Microsoft Visual Studio Solution File, Format Version 12.00
# Visual Studio Version 17
VisualStudioVersion = 17.4.33205.214
MinimumVisualStudioVersion = 10.0.40219.1
Project("{FAE04EC0-301F-11D3-BF4B-00C04F79EFBC}") = "MeterReader", "MeterReader\MeterReader.csproj", "{53CF4DC5-8D70-478E-B20B-8712BAFDC799}"
EndProject
Project("{2150E333-8FDC-42A3-9474-1A3956D46DE8}") = "Solution Items", "Solution Items", "{8845F0D0-53FF-4918-BC65-BB9EA8534A98}"
	ProjectSection(SolutionItems) = preProject
		MeterReader.proto = MeterReader.proto
	EndProjectSection
EndProject
Global
	GlobalSection(SolutionConfigurationPlatforms) = preSolution
		Debug|Any CPU = Debug|Any CPU
		Release|Any CPU = Release|Any CPU
	EndGlobalSection
	GlobalSection(ProjectConfigurationPlatforms) = postSolution
		{53CF4DC5-8D70-478E-B20B-8712BAFDC799}.Debug|Any CPU.ActiveCfg = Debug|Any CPU
		{53CF4DC5-8D70-478E-B20B-8712BAFDC799}.Debug|Any CPU.Build.0 = Debug|Any CPU
		{53CF4DC5-8D70-478E-B20B-8712BAFDC799}.Release|Any CPU.ActiveCfg = Release|Any CPU
		{53CF4DC5-8D70-478E-B20B-8712BAFDC799}.Release|Any CPU.Build.0 = Release|Any CPU
	EndGlobalSection
	GlobalSection(SolutionProperties) = preSolution
		HideSolutionNode = FALSE
	EndGlobalSection
	GlobalSection(ExtensibilityGlobals) = postSolution
		SolutionGuid = {B2F6AE5E-997F-4B09-9EDF-0F70B2912026}
	EndGlobalSection
EndGlobal
